// !$*UTF8*$!
{
	archiveVersion = 1;
	classes = {
	};
	objectVersion = 50;
	objects = {

/* Begin PBXBuildFile section */
		090B941C252E84EA00487AA5 /* EditStudentViewController.swift in Sources */ = {isa = PBXBuildFile; fileRef = 090B941B252E84EA00487AA5 /* EditStudentViewController.swift */; };
		090E37C72520B78D00A17860 /* AddStudentViewController.swift in Sources */ = {isa = PBXBuildFile; fileRef = 090E37C62520B78D00A17860 /* AddStudentViewController.swift */; };
		0910CA5C2535BC20002C12F0 /* Rounded.swift in Sources */ = {isa = PBXBuildFile; fileRef = 0910CA5B2535BC20002C12F0 /* Rounded.swift */; };
		0910CA5E2535BDCE002C12F0 /* MainMenuViewController.swift in Sources */ = {isa = PBXBuildFile; fileRef = 0910CA5D2535BDCE002C12F0 /* MainMenuViewController.swift */; };
		091BED632536C0FB00B2C1D4 /* Gradient.swift in Sources */ = {isa = PBXBuildFile; fileRef = 091BED622536C0FB00B2C1D4 /* Gradient.swift */; };
		091BED652536D24C00B2C1D4 /* RoundImage.swift in Sources */ = {isa = PBXBuildFile; fileRef = 091BED642536D24C00B2C1D4 /* RoundImage.swift */; };
		091BED672537002B00B2C1D4 /* StudentTableViewCell.swift in Sources */ = {isa = PBXBuildFile; fileRef = 091BED662537002B00B2C1D4 /* StudentTableViewCell.swift */; };
		0929774625399B6100D5A18E /* AddExamViewController.swift in Sources */ = {isa = PBXBuildFile; fileRef = 0929774525399B6100D5A18E /* AddExamViewController.swift */; };
		0929774825399C0D00D5A18E /* Extensions.swift in Sources */ = {isa = PBXBuildFile; fileRef = 0929774725399C0D00D5A18E /* Extensions.swift */; };
		0929774A2539AC9300D5A18E /* ViewExamViewController.swift in Sources */ = {isa = PBXBuildFile; fileRef = 092977492539AC9300D5A18E /* ViewExamViewController.swift */; };
		0929774C2539AEE400D5A18E /* EditExamViewController.swift in Sources */ = {isa = PBXBuildFile; fileRef = 0929774B2539AEE400D5A18E /* EditExamViewController.swift */; };
		0941CE29253C233B00031788 /* EnrollmentTableViewController.swift in Sources */ = {isa = PBXBuildFile; fileRef = 0941CE28253C233B00031788 /* EnrollmentTableViewController.swift */; };
		0941CE2B253C4EE600031788 /* EnrolmentViewController.swift in Sources */ = {isa = PBXBuildFile; fileRef = 0941CE2A253C4EE600031788 /* EnrolmentViewController.swift */; };
		095B2F042539559300D81CBC /* MapKit.framework in Frameworks */ = {isa = PBXBuildFile; fileRef = 095B2F032539559300D81CBC /* MapKit.framework */; };
		095B2F0625395CBF00D81CBC /* MapViewController.swift in Sources */ = {isa = PBXBuildFile; fileRef = 095B2F0525395CBF00D81CBC /* MapViewController.swift */; };
		095B2F082539680700D81CBC /* ExamTableViewCell.swift in Sources */ = {isa = PBXBuildFile; fileRef = 095B2F072539680700D81CBC /* ExamTableViewCell.swift */; };
		095B2F0A25396A2700D81CBC /* ExamTableViewController.swift in Sources */ = {isa = PBXBuildFile; fileRef = 095B2F0925396A2700D81CBC /* ExamTableViewController.swift */; };
		09E577DB251EDA21004DD181 /* AppDelegate.swift in Sources */ = {isa = PBXBuildFile; fileRef = 09E577DA251EDA21004DD181 /* AppDelegate.swift */; };
		09E577DD251EDA21004DD181 /* SceneDelegate.swift in Sources */ = {isa = PBXBuildFile; fileRef = 09E577DC251EDA21004DD181 /* SceneDelegate.swift */; };
		09E577E2251EDA21004DD181 /* Main.storyboard in Resources */ = {isa = PBXBuildFile; fileRef = 09E577E0251EDA21004DD181 /* Main.storyboard */; };
		09E577E5251EDA21004DD181 /* Assignment2.xcdatamodeld in Sources */ = {isa = PBXBuildFile; fileRef = 09E577E3251EDA21004DD181 /* Assignment2.xcdatamodeld */; };
		09E577E7251EDA25004DD181 /* Assets.xcassets in Resources */ = {isa = PBXBuildFile; fileRef = 09E577E6251EDA25004DD181 /* Assets.xcassets */; };
		09E577EA251EDA25004DD181 /* LaunchScreen.storyboard in Resources */ = {isa = PBXBuildFile; fileRef = 09E577E8251EDA25004DD181 /* LaunchScreen.storyboard */; };
		09E577F5251EDA25004DD181 /* Assignment2Tests.swift in Sources */ = {isa = PBXBuildFile; fileRef = 09E577F4251EDA25004DD181 /* Assignment2Tests.swift */; };
		09E57800251EDA25004DD181 /* Assignment2UITests.swift in Sources */ = {isa = PBXBuildFile; fileRef = 09E577FF251EDA25004DD181 /* Assignment2UITests.swift */; };
		09E5780E251EDC01004DD181 /* StudentTableViewController.swift in Sources */ = {isa = PBXBuildFile; fileRef = 09E5780D251EDC01004DD181 /* StudentTableViewController.swift */; };
		09F1BB412524569D00E5575F /* ViewStudentViewController.swift in Sources */ = {isa = PBXBuildFile; fileRef = 09F1BB402524569D00E5575F /* ViewStudentViewController.swift */; };
/* End PBXBuildFile section */

/* Begin PBXContainerItemProxy section */
		09E577F1251EDA25004DD181 /* PBXContainerItemProxy */ = {
			isa = PBXContainerItemProxy;
			containerPortal = 09E577CF251EDA21004DD181 /* Project object */;
			proxyType = 1;
			remoteGlobalIDString = 09E577D6251EDA21004DD181;
			remoteInfo = Assignment2;
		};
		09E577FC251EDA25004DD181 /* PBXContainerItemProxy */ = {
			isa = PBXContainerItemProxy;
			containerPortal = 09E577CF251EDA21004DD181 /* Project object */;
			proxyType = 1;
			remoteGlobalIDString = 09E577D6251EDA21004DD181;
			remoteInfo = Assignment2;
		};
/* End PBXContainerItemProxy section */

/* Begin PBXFileReference section */
		090B941B252E84EA00487AA5 /* EditStudentViewController.swift */ = {isa = PBXFileReference; lastKnownFileType = sourcecode.swift; path = EditStudentViewController.swift; sourceTree = "<group>"; };
		090E37C62520B78D00A17860 /* AddStudentViewController.swift */ = {isa = PBXFileReference; lastKnownFileType = sourcecode.swift; path = AddStudentViewController.swift; sourceTree = "<group>"; };
		0910CA5B2535BC20002C12F0 /* Rounded.swift */ = {isa = PBXFileReference; lastKnownFileType = sourcecode.swift; path = Rounded.swift; sourceTree = "<group>"; };
		0910CA5D2535BDCE002C12F0 /* MainMenuViewController.swift */ = {isa = PBXFileReference; lastKnownFileType = sourcecode.swift; path = MainMenuViewController.swift; sourceTree = "<group>"; };
		091BED622536C0FB00B2C1D4 /* Gradient.swift */ = {isa = PBXFileReference; lastKnownFileType = sourcecode.swift; path = Gradient.swift; sourceTree = "<group>"; };
		091BED642536D24C00B2C1D4 /* RoundImage.swift */ = {isa = PBXFileReference; lastKnownFileType = sourcecode.swift; path = RoundImage.swift; sourceTree = "<group>"; };
		091BED662537002B00B2C1D4 /* StudentTableViewCell.swift */ = {isa = PBXFileReference; lastKnownFileType = sourcecode.swift; path = StudentTableViewCell.swift; sourceTree = "<group>"; };
		0929774525399B6100D5A18E /* AddExamViewController.swift */ = {isa = PBXFileReference; lastKnownFileType = sourcecode.swift; path = AddExamViewController.swift; sourceTree = "<group>"; };
		0929774725399C0D00D5A18E /* Extensions.swift */ = {isa = PBXFileReference; lastKnownFileType = sourcecode.swift; path = Extensions.swift; sourceTree = "<group>"; };
		092977492539AC9300D5A18E /* ViewExamViewController.swift */ = {isa = PBXFileReference; lastKnownFileType = sourcecode.swift; path = ViewExamViewController.swift; sourceTree = "<group>"; };
		0929774B2539AEE400D5A18E /* EditExamViewController.swift */ = {isa = PBXFileReference; lastKnownFileType = sourcecode.swift; path = EditExamViewController.swift; sourceTree = "<group>"; };
		0941CE28253C233B00031788 /* EnrollmentTableViewController.swift */ = {isa = PBXFileReference; lastKnownFileType = sourcecode.swift; path = EnrollmentTableViewController.swift; sourceTree = "<group>"; };
		0941CE2A253C4EE600031788 /* EnrolmentViewController.swift */ = {isa = PBXFileReference; lastKnownFileType = sourcecode.swift; path = EnrolmentViewController.swift; sourceTree = "<group>"; };
		095B2F032539559300D81CBC /* MapKit.framework */ = {isa = PBXFileReference; lastKnownFileType = wrapper.framework; name = MapKit.framework; path = System/Library/Frameworks/MapKit.framework; sourceTree = SDKROOT; };
		095B2F0525395CBF00D81CBC /* MapViewController.swift */ = {isa = PBXFileReference; lastKnownFileType = sourcecode.swift; path = MapViewController.swift; sourceTree = "<group>"; };
		095B2F072539680700D81CBC /* ExamTableViewCell.swift */ = {isa = PBXFileReference; lastKnownFileType = sourcecode.swift; path = ExamTableViewCell.swift; sourceTree = "<group>"; };
		095B2F0925396A2700D81CBC /* ExamTableViewController.swift */ = {isa = PBXFileReference; lastKnownFileType = sourcecode.swift; path = ExamTableViewController.swift; sourceTree = "<group>"; };
		09E577D7251EDA21004DD181 /* Assignment2.app */ = {isa = PBXFileReference; explicitFileType = wrapper.application; includeInIndex = 0; path = Assignment2.app; sourceTree = BUILT_PRODUCTS_DIR; };
		09E577DA251EDA21004DD181 /* AppDelegate.swift */ = {isa = PBXFileReference; lastKnownFileType = sourcecode.swift; path = AppDelegate.swift; sourceTree = "<group>"; };
		09E577DC251EDA21004DD181 /* SceneDelegate.swift */ = {isa = PBXFileReference; lastKnownFileType = sourcecode.swift; path = SceneDelegate.swift; sourceTree = "<group>"; };
		09E577E1251EDA21004DD181 /* Base */ = {isa = PBXFileReference; lastKnownFileType = file.storyboard; name = Base; path = Base.lproj/Main.storyboard; sourceTree = "<group>"; };
		09E577E4251EDA21004DD181 /* Assignment2.xcdatamodel */ = {isa = PBXFileReference; lastKnownFileType = wrapper.xcdatamodel; path = Assignment2.xcdatamodel; sourceTree = "<group>"; };
		09E577E6251EDA25004DD181 /* Assets.xcassets */ = {isa = PBXFileReference; lastKnownFileType = folder.assetcatalog; path = Assets.xcassets; sourceTree = "<group>"; };
		09E577E9251EDA25004DD181 /* Base */ = {isa = PBXFileReference; lastKnownFileType = file.storyboard; name = Base; path = Base.lproj/LaunchScreen.storyboard; sourceTree = "<group>"; };
		09E577EB251EDA25004DD181 /* Info.plist */ = {isa = PBXFileReference; lastKnownFileType = text.plist.xml; path = Info.plist; sourceTree = "<group>"; };
		09E577F0251EDA25004DD181 /* Assignment2Tests.xctest */ = {isa = PBXFileReference; explicitFileType = wrapper.cfbundle; includeInIndex = 0; path = Assignment2Tests.xctest; sourceTree = BUILT_PRODUCTS_DIR; };
		09E577F4251EDA25004DD181 /* Assignment2Tests.swift */ = {isa = PBXFileReference; lastKnownFileType = sourcecode.swift; path = Assignment2Tests.swift; sourceTree = "<group>"; };
		09E577F6251EDA25004DD181 /* Info.plist */ = {isa = PBXFileReference; lastKnownFileType = text.plist.xml; path = Info.plist; sourceTree = "<group>"; };
		09E577FB251EDA25004DD181 /* Assignment2UITests.xctest */ = {isa = PBXFileReference; explicitFileType = wrapper.cfbundle; includeInIndex = 0; path = Assignment2UITests.xctest; sourceTree = BUILT_PRODUCTS_DIR; };
		09E577FF251EDA25004DD181 /* Assignment2UITests.swift */ = {isa = PBXFileReference; lastKnownFileType = sourcecode.swift; path = Assignment2UITests.swift; sourceTree = "<group>"; };
		09E57801251EDA25004DD181 /* Info.plist */ = {isa = PBXFileReference; lastKnownFileType = text.plist.xml; path = Info.plist; sourceTree = "<group>"; };
		09E5780D251EDC01004DD181 /* StudentTableViewController.swift */ = {isa = PBXFileReference; lastKnownFileType = sourcecode.swift; path = StudentTableViewController.swift; sourceTree = "<group>"; };
		09F1BB402524569D00E5575F /* ViewStudentViewController.swift */ = {isa = PBXFileReference; lastKnownFileType = sourcecode.swift; path = ViewStudentViewController.swift; sourceTree = "<group>"; };
/* End PBXFileReference section */

/* Begin PBXFrameworksBuildPhase section */
		09E577D4251EDA21004DD181 /* Frameworks */ = {
			isa = PBXFrameworksBuildPhase;
			buildActionMask = 2147483647;
			files = (
				095B2F042539559300D81CBC /* MapKit.framework in Frameworks */,
			);
			runOnlyForDeploymentPostprocessing = 0;
		};
		09E577ED251EDA25004DD181 /* Frameworks */ = {
			isa = PBXFrameworksBuildPhase;
			buildActionMask = 2147483647;
			files = (
			);
			runOnlyForDeploymentPostprocessing = 0;
		};
		09E577F8251EDA25004DD181 /* Frameworks */ = {
			isa = PBXFrameworksBuildPhase;
			buildActionMask = 2147483647;
			files = (
			);
			runOnlyForDeploymentPostprocessing = 0;
		};
/* End PBXFrameworksBuildPhase section */

/* Begin PBXGroup section */
		090BA77F253045C300705FA1 /* ViewControllers */ = {
			isa = PBXGroup;
			children = (
				0929774425399B4600D5A18E /* Exam */,
				0929774325399B3100D5A18E /* Student */,
				0910CA5D2535BDCE002C12F0 /* MainMenuViewController.swift */,
			);
			path = ViewControllers;
			sourceTree = "<group>";
		};
		0929774325399B3100D5A18E /* Student */ = {
			isa = PBXGroup;
			children = (
				09E5780D251EDC01004DD181 /* StudentTableViewController.swift */,
				090E37C62520B78D00A17860 /* AddStudentViewController.swift */,
				090B941B252E84EA00487AA5 /* EditStudentViewController.swift */,
				09F1BB402524569D00E5575F /* ViewStudentViewController.swift */,
				095B2F0525395CBF00D81CBC /* MapViewController.swift */,
			);
			path = Student;
			sourceTree = "<group>";
		};
		0929774425399B4600D5A18E /* Exam */ = {
			isa = PBXGroup;
			children = (
				095B2F0925396A2700D81CBC /* ExamTableViewController.swift */,
				0929774525399B6100D5A18E /* AddExamViewController.swift */,
				092977492539AC9300D5A18E /* ViewExamViewController.swift */,
				0929774B2539AEE400D5A18E /* EditExamViewController.swift */,
				0941CE28253C233B00031788 /* EnrollmentTableViewController.swift */,
				0941CE2A253C4EE600031788 /* EnrolmentViewController.swift */,
			);
			path = Exam;
			sourceTree = "<group>";
		};
		095B2F0125394ADE00D81CBC /* CustomClasses */ = {
			isa = PBXGroup;
			children = (
				095B2F072539680700D81CBC /* ExamTableViewCell.swift */,
				091BED662537002B00B2C1D4 /* StudentTableViewCell.swift */,
				0910CA5B2535BC20002C12F0 /* Rounded.swift */,
				091BED622536C0FB00B2C1D4 /* Gradient.swift */,
				091BED642536D24C00B2C1D4 /* RoundImage.swift */,
				0929774725399C0D00D5A18E /* Extensions.swift */,
			);
			path = CustomClasses;
			sourceTree = "<group>";
		};
		095B2F022539559300D81CBC /* Frameworks */ = {
			isa = PBXGroup;
			children = (
				095B2F032539559300D81CBC /* MapKit.framework */,
			);
			name = Frameworks;
			sourceTree = "<group>";
		};
		09E577CE251EDA21004DD181 = {
			isa = PBXGroup;
			children = (
				09E577D9251EDA21004DD181 /* Assignment2 */,
				09E577F3251EDA25004DD181 /* Assignment2Tests */,
				09E577FE251EDA25004DD181 /* Assignment2UITests */,
				09E577D8251EDA21004DD181 /* Products */,
				095B2F022539559300D81CBC /* Frameworks */,
			);
			sourceTree = "<group>";
		};
		09E577D8251EDA21004DD181 /* Products */ = {
			isa = PBXGroup;
			children = (
				09E577D7251EDA21004DD181 /* Assignment2.app */,
				09E577F0251EDA25004DD181 /* Assignment2Tests.xctest */,
				09E577FB251EDA25004DD181 /* Assignment2UITests.xctest */,
			);
			name = Products;
			sourceTree = "<group>";
		};
		09E577D9251EDA21004DD181 /* Assignment2 */ = {
			isa = PBXGroup;
			children = (
				095B2F0125394ADE00D81CBC /* CustomClasses */,
				090BA77F253045C300705FA1 /* ViewControllers */,
				09E577DA251EDA21004DD181 /* AppDelegate.swift */,
				09E577DC251EDA21004DD181 /* SceneDelegate.swift */,
				09E577E0251EDA21004DD181 /* Main.storyboard */,
				09E577E6251EDA25004DD181 /* Assets.xcassets */,
				09E577E8251EDA25004DD181 /* LaunchScreen.storyboard */,
				09E577EB251EDA25004DD181 /* Info.plist */,
				09E577E3251EDA21004DD181 /* Assignment2.xcdatamodeld */,
			);
			path = Assignment2;
			sourceTree = "<group>";
		};
		09E577F3251EDA25004DD181 /* Assignment2Tests */ = {
			isa = PBXGroup;
			children = (
				09E577F4251EDA25004DD181 /* Assignment2Tests.swift */,
				09E577F6251EDA25004DD181 /* Info.plist */,
			);
			path = Assignment2Tests;
			sourceTree = "<group>";
		};
		09E577FE251EDA25004DD181 /* Assignment2UITests */ = {
			isa = PBXGroup;
			children = (
				09E577FF251EDA25004DD181 /* Assignment2UITests.swift */,
				09E57801251EDA25004DD181 /* Info.plist */,
			);
			path = Assignment2UITests;
			sourceTree = "<group>";
		};
/* End PBXGroup section */

/* Begin PBXNativeTarget section */
		09E577D6251EDA21004DD181 /* Assignment2 */ = {
			isa = PBXNativeTarget;
			buildConfigurationList = 09E57804251EDA25004DD181 /* Build configuration list for PBXNativeTarget "Assignment2" */;
			buildPhases = (
				09E577D3251EDA21004DD181 /* Sources */,
				09E577D4251EDA21004DD181 /* Frameworks */,
				09E577D5251EDA21004DD181 /* Resources */,
			);
			buildRules = (
			);
			dependencies = (
			);
			name = Assignment2;
			productName = Assignment2;
			productReference = 09E577D7251EDA21004DD181 /* Assignment2.app */;
			productType = "com.apple.product-type.application";
		};
		09E577EF251EDA25004DD181 /* Assignment2Tests */ = {
			isa = PBXNativeTarget;
			buildConfigurationList = 09E57807251EDA25004DD181 /* Build configuration list for PBXNativeTarget "Assignment2Tests" */;
			buildPhases = (
				09E577EC251EDA25004DD181 /* Sources */,
				09E577ED251EDA25004DD181 /* Frameworks */,
				09E577EE251EDA25004DD181 /* Resources */,
			);
			buildRules = (
			);
			dependencies = (
				09E577F2251EDA25004DD181 /* PBXTargetDependency */,
			);
			name = Assignment2Tests;
			productName = Assignment2Tests;
			productReference = 09E577F0251EDA25004DD181 /* Assignment2Tests.xctest */;
			productType = "com.apple.product-type.bundle.unit-test";
		};
		09E577FA251EDA25004DD181 /* Assignment2UITests */ = {
			isa = PBXNativeTarget;
			buildConfigurationList = 09E5780A251EDA25004DD181 /* Build configuration list for PBXNativeTarget "Assignment2UITests" */;
			buildPhases = (
				09E577F7251EDA25004DD181 /* Sources */,
				09E577F8251EDA25004DD181 /* Frameworks */,
				09E577F9251EDA25004DD181 /* Resources */,
			);
			buildRules = (
			);
			dependencies = (
				09E577FD251EDA25004DD181 /* PBXTargetDependency */,
			);
			name = Assignment2UITests;
			productName = Assignment2UITests;
			productReference = 09E577FB251EDA25004DD181 /* Assignment2UITests.xctest */;
			productType = "com.apple.product-type.bundle.ui-testing";
		};
/* End PBXNativeTarget section */

/* Begin PBXProject section */
		09E577CF251EDA21004DD181 /* Project object */ = {
			isa = PBXProject;
			attributes = {
				LastSwiftUpdateCheck = 1150;
				LastUpgradeCheck = 1210;
				ORGANIZATIONNAME = "Stephen Byatt";
				TargetAttributes = {
					09E577D6251EDA21004DD181 = {
						CreatedOnToolsVersion = 11.5;
					};
					09E577EF251EDA25004DD181 = {
						CreatedOnToolsVersion = 11.5;
						TestTargetID = 09E577D6251EDA21004DD181;
					};
					09E577FA251EDA25004DD181 = {
						CreatedOnToolsVersion = 11.5;
						TestTargetID = 09E577D6251EDA21004DD181;
					};
				};
			};
			buildConfigurationList = 09E577D2251EDA21004DD181 /* Build configuration list for PBXProject "Assignment2" */;
			compatibilityVersion = "Xcode 9.3";
			developmentRegion = en;
			hasScannedForEncodings = 0;
			knownRegions = (
				en,
				Base,
			);
			mainGroup = 09E577CE251EDA21004DD181;
			productRefGroup = 09E577D8251EDA21004DD181 /* Products */;
			projectDirPath = "";
			projectRoot = "";
			targets = (
				09E577D6251EDA21004DD181 /* Assignment2 */,
				09E577EF251EDA25004DD181 /* Assignment2Tests */,
				09E577FA251EDA25004DD181 /* Assignment2UITests */,
			);
		};
/* End PBXProject section */

/* Begin PBXResourcesBuildPhase section */
		09E577D5251EDA21004DD181 /* Resources */ = {
			isa = PBXResourcesBuildPhase;
			buildActionMask = 2147483647;
			files = (
				09E577EA251EDA25004DD181 /* LaunchScreen.storyboard in Resources */,
				09E577E7251EDA25004DD181 /* Assets.xcassets in Resources */,
				09E577E2251EDA21004DD181 /* Main.storyboard in Resources */,
			);
			runOnlyForDeploymentPostprocessing = 0;
		};
		09E577EE251EDA25004DD181 /* Resources */ = {
			isa = PBXResourcesBuildPhase;
			buildActionMask = 2147483647;
			files = (
			);
			runOnlyForDeploymentPostprocessing = 0;
		};
		09E577F9251EDA25004DD181 /* Resources */ = {
			isa = PBXResourcesBuildPhase;
			buildActionMask = 2147483647;
			files = (
			);
			runOnlyForDeploymentPostprocessing = 0;
		};
/* End PBXResourcesBuildPhase section */

/* Begin PBXSourcesBuildPhase section */
		09E577D3251EDA21004DD181 /* Sources */ = {
			isa = PBXSourcesBuildPhase;
			buildActionMask = 2147483647;
			files = (
				095B2F0A25396A2700D81CBC /* ExamTableViewController.swift in Sources */,
				0910CA5E2535BDCE002C12F0 /* MainMenuViewController.swift in Sources */,
				09E577DB251EDA21004DD181 /* AppDelegate.swift in Sources */,
				0910CA5C2535BC20002C12F0 /* Rounded.swift in Sources */,
				0941CE2B253C4EE600031788 /* EnrolmentViewController.swift in Sources */,
				091BED652536D24C00B2C1D4 /* RoundImage.swift in Sources */,
				09E577DD251EDA21004DD181 /* SceneDelegate.swift in Sources */,
				090E37C72520B78D00A17860 /* AddStudentViewController.swift in Sources */,
				095B2F0625395CBF00D81CBC /* MapViewController.swift in Sources */,
				091BED632536C0FB00B2C1D4 /* Gradient.swift in Sources */,
				0929774625399B6100D5A18E /* AddExamViewController.swift in Sources */,
				090B941C252E84EA00487AA5 /* EditStudentViewController.swift in Sources */,
				09E5780E251EDC01004DD181 /* StudentTableViewController.swift in Sources */,
				095B2F082539680700D81CBC /* ExamTableViewCell.swift in Sources */,
				0941CE29253C233B00031788 /* EnrollmentTableViewController.swift in Sources */,
				09E577E5251EDA21004DD181 /* Assignment2.xcdatamodeld in Sources */,
				0929774A2539AC9300D5A18E /* ViewExamViewController.swift in Sources */,
				0929774825399C0D00D5A18E /* Extensions.swift in Sources */,
				09F1BB412524569D00E5575F /* ViewStudentViewController.swift in Sources */,
				091BED672537002B00B2C1D4 /* StudentTableViewCell.swift in Sources */,
				0929774C2539AEE400D5A18E /* EditExamViewController.swift in Sources */,
			);
			runOnlyForDeploymentPostprocessing = 0;
		};
		09E577EC251EDA25004DD181 /* Sources */ = {
			isa = PBXSourcesBuildPhase;
			buildActionMask = 2147483647;
			files = (
				09E577F5251EDA25004DD181 /* Assignment2Tests.swift in Sources */,
			);
			runOnlyForDeploymentPostprocessing = 0;
		};
		09E577F7251EDA25004DD181 /* Sources */ = {
			isa = PBXSourcesBuildPhase;
			buildActionMask = 2147483647;
			files = (
				09E57800251EDA25004DD181 /* Assignment2UITests.swift in Sources */,
			);
			runOnlyForDeploymentPostprocessing = 0;
		};
/* End PBXSourcesBuildPhase section */

/* Begin PBXTargetDependency section */
		09E577F2251EDA25004DD181 /* PBXTargetDependency */ = {
			isa = PBXTargetDependency;
			target = 09E577D6251EDA21004DD181 /* Assignment2 */;
			targetProxy = 09E577F1251EDA25004DD181 /* PBXContainerItemProxy */;
		};
		09E577FD251EDA25004DD181 /* PBXTargetDependency */ = {
			isa = PBXTargetDependency;
			target = 09E577D6251EDA21004DD181 /* Assignment2 */;
			targetProxy = 09E577FC251EDA25004DD181 /* PBXContainerItemProxy */;
		};
/* End PBXTargetDependency section */

/* Begin PBXVariantGroup section */
		09E577E0251EDA21004DD181 /* Main.storyboard */ = {
			isa = PBXVariantGroup;
			children = (
				09E577E1251EDA21004DD181 /* Base */,
			);
			name = Main.storyboard;
			sourceTree = "<group>";
		};
		09E577E8251EDA25004DD181 /* LaunchScreen.storyboard */ = {
			isa = PBXVariantGroup;
			children = (
				09E577E9251EDA25004DD181 /* Base */,
			);
			name = LaunchScreen.storyboard;
			sourceTree = "<group>";
		};
/* End PBXVariantGroup section */

/* Begin XCBuildConfiguration section */
		09E57802251EDA25004DD181 /* Debug */ = {
			isa = XCBuildConfiguration;
			buildSettings = {
				ALWAYS_SEARCH_USER_PATHS = NO;
				CLANG_ANALYZER_NONNULL = YES;
				CLANG_ANALYZER_NUMBER_OBJECT_CONVERSION = YES_AGGRESSIVE;
				CLANG_CXX_LANGUAGE_STANDARD = "gnu++14";
				CLANG_CXX_LIBRARY = "libc++";
				CLANG_ENABLE_MODULES = YES;
				CLANG_ENABLE_OBJC_ARC = YES;
				CLANG_ENABLE_OBJC_WEAK = YES;
				CLANG_WARN_BLOCK_CAPTURE_AUTORELEASING = YES;
				CLANG_WARN_BOOL_CONVERSION = YES;
				CLANG_WARN_COMMA = YES;
				CLANG_WARN_CONSTANT_CONVERSION = YES;
				CLANG_WARN_DEPRECATED_OBJC_IMPLEMENTATIONS = YES;
				CLANG_WARN_DIRECT_OBJC_ISA_USAGE = YES_ERROR;
				CLANG_WARN_DOCUMENTATION_COMMENTS = YES;
				CLANG_WARN_EMPTY_BODY = YES;
				CLANG_WARN_ENUM_CONVERSION = YES;
				CLANG_WARN_INFINITE_RECURSION = YES;
				CLANG_WARN_INT_CONVERSION = YES;
				CLANG_WARN_NON_LITERAL_NULL_CONVERSION = YES;
				CLANG_WARN_OBJC_IMPLICIT_RETAIN_SELF = YES;
				CLANG_WARN_OBJC_LITERAL_CONVERSION = YES;
				CLANG_WARN_OBJC_ROOT_CLASS = YES_ERROR;
				CLANG_WARN_QUOTED_INCLUDE_IN_FRAMEWORK_HEADER = YES;
				CLANG_WARN_RANGE_LOOP_ANALYSIS = YES;
				CLANG_WARN_STRICT_PROTOTYPES = YES;
				CLANG_WARN_SUSPICIOUS_MOVE = YES;
				CLANG_WARN_UNGUARDED_AVAILABILITY = YES_AGGRESSIVE;
				CLANG_WARN_UNREACHABLE_CODE = YES;
				CLANG_WARN__DUPLICATE_METHOD_MATCH = YES;
				COPY_PHASE_STRIP = NO;
				DEBUG_INFORMATION_FORMAT = dwarf;
				ENABLE_STRICT_OBJC_MSGSEND = YES;
				ENABLE_TESTABILITY = YES;
				GCC_C_LANGUAGE_STANDARD = gnu11;
				GCC_DYNAMIC_NO_PIC = NO;
				GCC_NO_COMMON_BLOCKS = YES;
				GCC_OPTIMIZATION_LEVEL = 0;
				GCC_PREPROCESSOR_DEFINITIONS = (
					"DEBUG=1",
					"$(inherited)",
				);
				GCC_WARN_64_TO_32_BIT_CONVERSION = YES;
				GCC_WARN_ABOUT_RETURN_TYPE = YES_ERROR;
				GCC_WARN_UNDECLARED_SELECTOR = YES;
				GCC_WARN_UNINITIALIZED_AUTOS = YES_AGGRESSIVE;
				GCC_WARN_UNUSED_FUNCTION = YES;
				GCC_WARN_UNUSED_VARIABLE = YES;
				IPHONEOS_DEPLOYMENT_TARGET = 13.5;
				MTL_ENABLE_DEBUG_INFO = INCLUDE_SOURCE;
				MTL_FAST_MATH = YES;
				ONLY_ACTIVE_ARCH = YES;
				SDKROOT = iphoneos;
				SWIFT_ACTIVE_COMPILATION_CONDITIONS = DEBUG;
				SWIFT_OPTIMIZATION_LEVEL = "-Onone";
			};
			name = Debug;
		};
		09E57803251EDA25004DD181 /* Release */ = {
			isa = XCBuildConfiguration;
			buildSettings = {
				ALWAYS_SEARCH_USER_PATHS = NO;
				CLANG_ANALYZER_NONNULL = YES;
				CLANG_ANALYZER_NUMBER_OBJECT_CONVERSION = YES_AGGRESSIVE;
				CLANG_CXX_LANGUAGE_STANDARD = "gnu++14";
				CLANG_CXX_LIBRARY = "libc++";
				CLANG_ENABLE_MODULES = YES;
				CLANG_ENABLE_OBJC_ARC = YES;
				CLANG_ENABLE_OBJC_WEAK = YES;
				CLANG_WARN_BLOCK_CAPTURE_AUTORELEASING = YES;
				CLANG_WARN_BOOL_CONVERSION = YES;
				CLANG_WARN_COMMA = YES;
				CLANG_WARN_CONSTANT_CONVERSION = YES;
				CLANG_WARN_DEPRECATED_OBJC_IMPLEMENTATIONS = YES;
				CLANG_WARN_DIRECT_OBJC_ISA_USAGE = YES_ERROR;
				CLANG_WARN_DOCUMENTATION_COMMENTS = YES;
				CLANG_WARN_EMPTY_BODY = YES;
				CLANG_WARN_ENUM_CONVERSION = YES;
				CLANG_WARN_INFINITE_RECURSION = YES;
				CLANG_WARN_INT_CONVERSION = YES;
				CLANG_WARN_NON_LITERAL_NULL_CONVERSION = YES;
				CLANG_WARN_OBJC_IMPLICIT_RETAIN_SELF = YES;
				CLANG_WARN_OBJC_LITERAL_CONVERSION = YES;
				CLANG_WARN_OBJC_ROOT_CLASS = YES_ERROR;
				CLANG_WARN_QUOTED_INCLUDE_IN_FRAMEWORK_HEADER = YES;
				CLANG_WARN_RANGE_LOOP_ANALYSIS = YES;
				CLANG_WARN_STRICT_PROTOTYPES = YES;
				CLANG_WARN_SUSPICIOUS_MOVE = YES;
				CLANG_WARN_UNGUARDED_AVAILABILITY = YES_AGGRESSIVE;
				CLANG_WARN_UNREACHABLE_CODE = YES;
				CLANG_WARN__DUPLICATE_METHOD_MATCH = YES;
				COPY_PHASE_STRIP = NO;
				DEBUG_INFORMATION_FORMAT = "dwarf-with-dsym";
				ENABLE_NS_ASSERTIONS = NO;
				ENABLE_STRICT_OBJC_MSGSEND = YES;
				GCC_C_LANGUAGE_STANDARD = gnu11;
				GCC_NO_COMMON_BLOCKS = YES;
				GCC_WARN_64_TO_32_BIT_CONVERSION = YES;
				GCC_WARN_ABOUT_RETURN_TYPE = YES_ERROR;
				GCC_WARN_UNDECLARED_SELECTOR = YES;
				GCC_WARN_UNINITIALIZED_AUTOS = YES_AGGRESSIVE;
				GCC_WARN_UNUSED_FUNCTION = YES;
				GCC_WARN_UNUSED_VARIABLE = YES;
				IPHONEOS_DEPLOYMENT_TARGET = 13.5;
				MTL_ENABLE_DEBUG_INFO = NO;
				MTL_FAST_MATH = YES;
				SDKROOT = iphoneos;
				SWIFT_COMPILATION_MODE = wholemodule;
				SWIFT_OPTIMIZATION_LEVEL = "-O";
				VALIDATE_PRODUCT = YES;
			};
			name = Release;
		};
		09E57805251EDA25004DD181 /* Debug */ = {
			isa = XCBuildConfiguration;
			buildSettings = {
				ASSETCATALOG_COMPILER_APPICON_NAME = AppIcon;
				CODE_SIGN_STYLE = Automatic;
				DEVELOPMENT_TEAM = U3ZPB6U89W;
				INFOPLIST_FILE = Assignment2/Info.plist;
				IPHONEOS_DEPLOYMENT_TARGET = 14.0;
				LD_RUNPATH_SEARCH_PATHS = (
					"$(inherited)",
					"@executable_path/Frameworks",
				);
				PRODUCT_BUNDLE_IDENTIFIER = com.byatt.Assignment2;
				PRODUCT_NAME = "$(TARGET_NAME)";
				SWIFT_VERSION = 5.0;
				TARGETED_DEVICE_FAMILY = 1;
			};
			name = Debug;
		};
		09E57806251EDA25004DD181 /* Release */ = {
			isa = XCBuildConfiguration;
			buildSettings = {
				ASSETCATALOG_COMPILER_APPICON_NAME = AppIcon;
				CODE_SIGN_STYLE = Automatic;
				DEVELOPMENT_TEAM = U3ZPB6U89W;
				INFOPLIST_FILE = Assignment2/Info.plist;
				IPHONEOS_DEPLOYMENT_TARGET = 14.0;
				LD_RUNPATH_SEARCH_PATHS = (
					"$(inherited)",
					"@executable_path/Frameworks",
				);
				PRODUCT_BUNDLE_IDENTIFIER = com.byatt.Assignment2;
				PRODUCT_NAME = "$(TARGET_NAME)";
				SWIFT_VERSION = 5.0;
				TARGETED_DEVICE_FAMILY = 1;
			};
			name = Release;
		};
		09E57808251EDA25004DD181 /* Debug */ = {
			isa = XCBuildConfiguration;
			buildSettings = {
				ALWAYS_EMBED_SWIFT_STANDARD_LIBRARIES = YES;
				BUNDLE_LOADER = "$(TEST_HOST)";
				CODE_SIGN_STYLE = Automatic;
				DEVELOPMENT_TEAM = U3ZPB6U89W;
				INFOPLIST_FILE = Assignment2Tests/Info.plist;
				IPHONEOS_DEPLOYMENT_TARGET = 13.5;
				LD_RUNPATH_SEARCH_PATHS = (
					"$(inherited)",
					"@executable_path/Frameworks",
					"@loader_path/Frameworks",
				);
				PRODUCT_BUNDLE_IDENTIFIER = com.byatt.Assignment2Tests;
				PRODUCT_NAME = "$(TARGET_NAME)";
				SWIFT_VERSION = 5.0;
				TARGETED_DEVICE_FAMILY = "1,2";
				TEST_HOST = "$(BUILT_PRODUCTS_DIR)/Assignment2.app/Assignment2";
			};
			name = Debug;
		};
		09E57809251EDA25004DD181 /* Release */ = {
			isa = XCBuildConfiguration;
			buildSettings = {
				ALWAYS_EMBED_SWIFT_STANDARD_LIBRARIES = YES;
				BUNDLE_LOADER = "$(TEST_HOST)";
				CODE_SIGN_STYLE = Automatic;
				DEVELOPMENT_TEAM = U3ZPB6U89W;
				INFOPLIST_FILE = Assignment2Tests/Info.plist;
				IPHONEOS_DEPLOYMENT_TARGET = 13.5;
				LD_RUNPATH_SEARCH_PATHS = (
					"$(inherited)",
					"@executable_path/Frameworks",
					"@loader_path/Frameworks",
				);
				PRODUCT_BUNDLE_IDENTIFIER = com.byatt.Assignment2Tests;
				PRODUCT_NAME = "$(TARGET_NAME)";
				SWIFT_VERSION = 5.0;
				TARGETED_DEVICE_FAMILY = "1,2";
				TEST_HOST = "$(BUILT_PRODUCTS_DIR)/Assignment2.app/Assignment2";
			};
			name = Release;
		};
		09E5780B251EDA25004DD181 /* Debug */ = {
			isa = XCBuildConfiguration;
			buildSettings = {
				ALWAYS_EMBED_SWIFT_STANDARD_LIBRARIES = YES;
				CODE_SIGN_STYLE = Automatic;
				DEVELOPMENT_TEAM = U3ZPB6U89W;
				INFOPLIST_FILE = Assignment2UITests/Info.plist;
				LD_RUNPATH_SEARCH_PATHS = (
					"$(inherited)",
					"@executable_path/Frameworks",
					"@loader_path/Frameworks",
				);
				PRODUCT_BUNDLE_IDENTIFIER = com.byatt.Assignment2UITests;
				PRODUCT_NAME = "$(TARGET_NAME)";
				SWIFT_VERSION = 5.0;
				TARGETED_DEVICE_FAMILY = "1,2";
				TEST_TARGET_NAME = Assignment2;
			};
			name = Debug;
		};
		09E5780C251EDA25004DD181 /* Release */ = {
			isa = XCBuildConfiguration;
			buildSettings = {
				ALWAYS_EMBED_SWIFT_STANDARD_LIBRARIES = YES;
				CODE_SIGN_STYLE = Automatic;
				DEVELOPMENT_TEAM = U3ZPB6U89W;
				INFOPLIST_FILE = Assignment2UITests/Info.plist;
				LD_RUNPATH_SEARCH_PATHS = (
					"$(inherited)",
					"@executable_path/Frameworks",
					"@loader_path/Frameworks",
				);
				PRODUCT_BUNDLE_IDENTIFIER = com.byatt.Assignment2UITests;
				PRODUCT_NAME = "$(TARGET_NAME)";
				SWIFT_VERSION = 5.0;
				TARGETED_DEVICE_FAMILY = "1,2";
				TEST_TARGET_NAME = Assignment2;
			};
			name = Release;
		};
/* End XCBuildConfiguration section */

/* Begin XCConfigurationList section */
		09E577D2251EDA21004DD181 /* Build configuration list for PBXProject "Assignment2" */ = {
			isa = XCConfigurationList;
			buildConfigurations = (
				09E57802251EDA25004DD181 /* Debug */,
				09E57803251EDA25004DD181 /* Release */,
			);
			defaultConfigurationIsVisible = 0;
			defaultConfigurationName = Release;
		};
		09E57804251EDA25004DD181 /* Build configuration list for PBXNativeTarget "Assignment2" */ = {
			isa = XCConfigurationList;
			buildConfigurations = (
				09E57805251EDA25004DD181 /* Debug */,
				09E57806251EDA25004DD181 /* Release */,
			);
			defaultConfigurationIsVisible = 0;
			defaultConfigurationName = Release;
		};
		09E57807251EDA25004DD181 /* Build configuration list for PBXNativeTarget "Assignment2Tests" */ = {
			isa = XCConfigurationList;
			buildConfigurations = (
				09E57808251EDA25004DD181 /* Debug */,
				09E57809251EDA25004DD181 /* Release */,
			);
			defaultConfigurationIsVisible = 0;
			defaultConfigurationName = Release;
		};
		09E5780A251EDA25004DD181 /* Build configuration list for PBXNativeTarget "Assignment2UITests" */ = {
			isa = XCConfigurationList;
			buildConfigurations = (
				09E5780B251EDA25004DD181 /* Debug */,
				09E5780C251EDA25004DD181 /* Release */,
			);
			defaultConfigurationIsVisible = 0;
			defaultConfigurationName = Release;
		};
/* End XCConfigurationList section */

/* Begin XCVersionGroup section */
		09E577E3251EDA21004DD181 /* Assignment2.xcdatamodeld */ = {
			isa = XCVersionGroup;
			children = (
				09E577E4251EDA21004DD181 /* Assignment2.xcdatamodel */,
			);
			currentVersion = 09E577E4251EDA21004DD181 /* Assignment2.xcdatamodel */;
			path = Assignment2.xcdatamodeld;
			sourceTree = "<group>";
			versionGroupType = wrapper.xcdatamodel;
		};
/* End XCVersionGroup section */
	};
	rootObject = 09E577CF251EDA21004DD181 /* Project object */;
}
